
Microsoft Visual Studio Solution File, Format Version 12.00
# Visual Studio 15
VisualStudioVersion = 15.0.28307.572
MinimumVisualStudioVersion = 10.0.40219.1
Project("{FAE04EC0-301F-11D3-BF4B-00C04F79EFBC}") = "Postman", "Postman\Postman.csproj", "{65257C12-1437-4479-A743-D6FCD6035F0A}"
EndProject
Project("{FAE04EC0-301F-11D3-BF4B-00C04F79EFBC}") = "DataAccessLibrary", "DataAccess\DataAccessLibrary.csproj", "{4F47E60C-028C-481C-A196-3CB9009C5F11}"
EndProject
Global
	GlobalSection(SolutionConfigurationPlatforms) = preSolution
		Debug|Any CPU = Debug|Any CPU
		Debug|ARM = Debug|ARM
		Debug|ARM64 = Debug|ARM64
		Debug|x64 = Debug|x64
		Debug|x86 = Debug|x86
		Release|Any CPU = Release|Any CPU
		Release|ARM = Release|ARM
		Release|ARM64 = Release|ARM64
		Release|x64 = Release|x64
		Release|x86 = Release|x86
	EndGlobalSection
	GlobalSection(ProjectConfigurationPlatforms) = postSolution
		{65257C12-1437-4479-A743-D6FCD6035F0A}.Debug|Any CPU.ActiveCfg = Debug|x86
		{65257C12-1437-4479-A743-D6FCD6035F0A}.Debug|ARM.ActiveCfg = Debug|ARM
		{65257C12-1437-4479-A743-D6FCD6035F0A}.Debug|ARM.Build.0 = Debug|ARM
		{65257C12-1437-4479-A743-D6FCD6035F0A}.Debug|ARM.Deploy.0 = Debug|ARM
		{65257C12-1437-4479-A743-D6FCD6035F0A}.Debug|ARM64.ActiveCfg = Debug|ARM64
		{65257C12-1437-4479-A743-D6FCD6035F0A}.Debug|ARM64.Build.0 = Debug|ARM64
		{65257C12-1437-4479-A743-D6FCD6035F0A}.Debug|ARM64.Deploy.0 = Debug|ARM64
		{65257C12-1437-4479-A743-D6FCD6035F0A}.Debug|x64.ActiveCfg = Debug|x64
		{65257C12-1437-4479-A743-D6FCD6035F0A}.Debug|x64.Build.0 = Debug|x64
		{65257C12-1437-4479-A743-D6FCD6035F0A}.Debug|x64.Deploy.0 = Debug|x64
		{65257C12-1437-4479-A743-D6FCD6035F0A}.Debug|x86.ActiveCfg = Debug|x86
		{65257C12-1437-4479-A743-D6FCD6035F0A}.Debug|x86.Build.0 = Debug|x86
		{65257C12-1437-4479-A743-D6FCD6035F0A}.Debug|x86.Deploy.0 = Debug|x86
		{65257C12-1437-4479-A743-D6FCD6035F0A}.Release|Any CPU.ActiveCfg = Release|x86
		{65257C12-1437-4479-A743-D6FCD6035F0A}.Release|ARM.ActiveCfg = Release|ARM
		{65257C12-1437-4479-A743-D6FCD6035F0A}.Release|ARM.Build.0 = Release|ARM
		{65257C12-1437-4479-A743-D6FCD6035F0A}.Release|ARM.Deploy.0 = Release|ARM
		{65257C12-1437-4479-A743-D6FCD6035F0A}.Release|ARM64.ActiveCfg = Release|ARM64
		{65257C12-1437-4479-A743-D6FCD6035F0A}.Release|ARM64.Build.0 = Release|ARM64
		{65257C12-1437-4479-A743-D6FCD6035F0A}.Release|ARM64.Deploy.0 = Release|ARM64
		{65257C12-1437-4479-A743-D6FCD6035F0A}.Release|x64.ActiveCfg = Release|x64
		{65257C12-1437-4479-A743-D6FCD6035F0A}.Release|x64.Build.0 = Release|x64
		{65257C12-1437-4479-A743-D6FCD6035F0A}.Release|x64.Deploy.0 = Release|x64
		{65257C12-1437-4479-A743-D6FCD6035F0A}.Release|x86.ActiveCfg = Release|x86
		{65257C12-1437-4479-A743-D6FCD6035F0A}.Release|x86.Build.0 = Release|x86
		{65257C12-1437-4479-A743-D6FCD6035F0A}.Release|x86.Deploy.0 = Release|x86
		{4F47E60C-028C-481C-A196-3CB9009C5F11}.Debug|Any CPU.ActiveCfg = Debug|Any CPU
		{4F47E60C-028C-481C-A196-3CB9009C5F11}.Debug|Any CPU.Build.0 = Debug|Any CPU
		{4F47E60C-028C-481C-A196-3CB9009C5F11}.Debug|ARM.ActiveCfg = Debug|ARM
		{4F47E60C-028C-481C-A196-3CB9009C5F11}.Debug|ARM.Build.0 = Debug|ARM
		{4F47E60C-028C-481C-A196-3CB9009C5F11}.Debug|ARM64.ActiveCfg = Debug|ARM64
		{4F47E60C-028C-481C-A196-3CB9009C5F11}.Debug|ARM64.Build.0 = Debug|ARM64
		{4F47E60C-028C-481C-A196-3CB9009C5F11}.Debug|x64.ActiveCfg = Debug|x64
		{4F47E60C-028C-481C-A196-3CB9009C5F11}.Debug|x64.Build.0 = Debug|x64
		{4F47E60C-028C-481C-A196-3CB9009C5F11}.Debug|x86.ActiveCfg = Debug|x86
		{4F47E60C-028C-481C-A196-3CB9009C5F11}.Debug|x86.Build.0 = Debug|x86
		{4F47E60C-028C-481C-A196-3CB9009C5F11}.Release|Any CPU.ActiveCfg = Release|Any CPU
		{4F47E60C-028C-481C-A196-3CB9009C5F11}.Release|Any CPU.Build.0 = Release|Any CPU
		{4F47E60C-028C-481C-A196-3CB9009C5F11}.Release|ARM.ActiveCfg = Release|ARM
		{4F47E60C-028C-481C-A196-3CB9009C5F11}.Release|ARM.Build.0 = Release|ARM
		{4F47E60C-028C-481C-A196-3CB9009C5F11}.Release|ARM64.ActiveCfg = Release|ARM64
		{4F47E60C-028C-481C-A196-3CB9009C5F11}.Release|ARM64.Build.0 = Release|ARM64
		{4F47E60C-028C-481C-A196-3CB9009C5F11}.Release|x64.ActiveCfg = Release|x64
		{4F47E60C-028C-481C-A196-3CB9009C5F11}.Release|x64.Build.0 = Release|x64
		{4F47E60C-028C-481C-A196-3CB9009C5F11}.Release|x86.ActiveCfg = Release|x86
		{4F47E60C-028C-481C-A196-3CB9009C5F11}.Release|x86.Build.0 = Release|x86
	EndGlobalSection
	GlobalSection(SolutionProperties) = preSolution
		HideSolutionNode = FALSE
	EndGlobalSection
	GlobalSection(ExtensibilityGlobals) = postSolution
		SolutionGuid = {0F7166E2-2F57-43DE-815C-E63A9E5E8C38}
	EndGlobalSection
EndGlobal
