
Microsoft Visual Studio Solution File, Format Version 12.00
# Visual Studio 15
VisualStudioVersion = 15.0.28307.572
MinimumVisualStudioVersion = 10.0.40219.1
Project("{8BC9CEB8-8B4A-11D0-8D11-00A0C91BC942}") = "Universal-Learning", "Universal-Learning\Universal-Learning.vcxproj", "{BC6492FB-D10D-40F6-8D04-D4EB9F2CD2BF}"
EndProject
Project("{FAE04EC0-301F-11D3-BF4B-00C04F79EFBC}") = "Universal-Learning-CSharp", "Universal-Learning-CSharp\Universal-Learning-CSharp.csproj", "{32EB9C0F-0D9B-455E-9375-788A65B3BBC2}"
EndProject
Global
	GlobalSection(SolutionConfigurationPlatforms) = preSolution
		Debug|ARM = Debug|ARM
		Debug|ARM64 = Debug|ARM64
		Debug|x64 = Debug|x64
		Debug|x86 = Debug|x86
		Release|ARM = Release|ARM
		Release|ARM64 = Release|ARM64
		Release|x64 = Release|x64
		Release|x86 = Release|x86
	EndGlobalSection
	GlobalSection(ProjectConfigurationPlatforms) = postSolution
		{BC6492FB-D10D-40F6-8D04-D4EB9F2CD2BF}.Debug|ARM.ActiveCfg = Debug|ARM
		{BC6492FB-D10D-40F6-8D04-D4EB9F2CD2BF}.Debug|ARM.Build.0 = Debug|ARM
		{BC6492FB-D10D-40F6-8D04-D4EB9F2CD2BF}.Debug|ARM.Deploy.0 = Debug|ARM
		{BC6492FB-D10D-40F6-8D04-D4EB9F2CD2BF}.Debug|ARM64.ActiveCfg = Debug|ARM64
		{BC6492FB-D10D-40F6-8D04-D4EB9F2CD2BF}.Debug|ARM64.Build.0 = Debug|ARM64
		{BC6492FB-D10D-40F6-8D04-D4EB9F2CD2BF}.Debug|ARM64.Deploy.0 = Debug|ARM64
		{BC6492FB-D10D-40F6-8D04-D4EB9F2CD2BF}.Debug|x64.ActiveCfg = Debug|x64
		{BC6492FB-D10D-40F6-8D04-D4EB9F2CD2BF}.Debug|x64.Build.0 = Debug|x64
		{BC6492FB-D10D-40F6-8D04-D4EB9F2CD2BF}.Debug|x64.Deploy.0 = Debug|x64
		{BC6492FB-D10D-40F6-8D04-D4EB9F2CD2BF}.Debug|x86.ActiveCfg = Debug|Win32
		{BC6492FB-D10D-40F6-8D04-D4EB9F2CD2BF}.Debug|x86.Build.0 = Debug|Win32
		{BC6492FB-D10D-40F6-8D04-D4EB9F2CD2BF}.Debug|x86.Deploy.0 = Debug|Win32
		{BC6492FB-D10D-40F6-8D04-D4EB9F2CD2BF}.Release|ARM.ActiveCfg = Release|ARM
		{BC6492FB-D10D-40F6-8D04-D4EB9F2CD2BF}.Release|ARM.Build.0 = Release|ARM
		{BC6492FB-D10D-40F6-8D04-D4EB9F2CD2BF}.Release|ARM.Deploy.0 = Release|ARM
		{BC6492FB-D10D-40F6-8D04-D4EB9F2CD2BF}.Release|ARM64.ActiveCfg = Release|ARM64
		{BC6492FB-D10D-40F6-8D04-D4EB9F2CD2BF}.Release|ARM64.Build.0 = Release|ARM64
		{BC6492FB-D10D-40F6-8D04-D4EB9F2CD2BF}.Release|ARM64.Deploy.0 = Release|ARM64
		{BC6492FB-D10D-40F6-8D04-D4EB9F2CD2BF}.Release|x64.ActiveCfg = Release|x64
		{BC6492FB-D10D-40F6-8D04-D4EB9F2CD2BF}.Release|x64.Build.0 = Release|x64
		{BC6492FB-D10D-40F6-8D04-D4EB9F2CD2BF}.Release|x64.Deploy.0 = Release|x64
		{BC6492FB-D10D-40F6-8D04-D4EB9F2CD2BF}.Release|x86.ActiveCfg = Release|Win32
		{BC6492FB-D10D-40F6-8D04-D4EB9F2CD2BF}.Release|x86.Build.0 = Release|Win32
		{BC6492FB-D10D-40F6-8D04-D4EB9F2CD2BF}.Release|x86.Deploy.0 = Release|Win32
		{32EB9C0F-0D9B-455E-9375-788A65B3BBC2}.Debug|ARM.ActiveCfg = Debug|ARM
		{32EB9C0F-0D9B-455E-9375-788A65B3BBC2}.Debug|ARM.Build.0 = Debug|ARM
		{32EB9C0F-0D9B-455E-9375-788A65B3BBC2}.Debug|ARM.Deploy.0 = Debug|ARM
		{32EB9C0F-0D9B-455E-9375-788A65B3BBC2}.Debug|ARM64.ActiveCfg = Debug|ARM64
		{32EB9C0F-0D9B-455E-9375-788A65B3BBC2}.Debug|ARM64.Build.0 = Debug|ARM64
		{32EB9C0F-0D9B-455E-9375-788A65B3BBC2}.Debug|ARM64.Deploy.0 = Debug|ARM64
		{32EB9C0F-0D9B-455E-9375-788A65B3BBC2}.Debug|x64.ActiveCfg = Debug|x64
		{32EB9C0F-0D9B-455E-9375-788A65B3BBC2}.Debug|x64.Build.0 = Debug|x64
		{32EB9C0F-0D9B-455E-9375-788A65B3BBC2}.Debug|x64.Deploy.0 = Debug|x64
		{32EB9C0F-0D9B-455E-9375-788A65B3BBC2}.Debug|x86.ActiveCfg = Debug|x86
		{32EB9C0F-0D9B-455E-9375-788A65B3BBC2}.Debug|x86.Build.0 = Debug|x86
		{32EB9C0F-0D9B-455E-9375-788A65B3BBC2}.Debug|x86.Deploy.0 = Debug|x86
		{32EB9C0F-0D9B-455E-9375-788A65B3BBC2}.Release|ARM.ActiveCfg = Release|ARM
		{32EB9C0F-0D9B-455E-9375-788A65B3BBC2}.Release|ARM.Build.0 = Release|ARM
		{32EB9C0F-0D9B-455E-9375-788A65B3BBC2}.Release|ARM.Deploy.0 = Release|ARM
		{32EB9C0F-0D9B-455E-9375-788A65B3BBC2}.Release|ARM64.ActiveCfg = Release|ARM64
		{32EB9C0F-0D9B-455E-9375-788A65B3BBC2}.Release|ARM64.Build.0 = Release|ARM64
		{32EB9C0F-0D9B-455E-9375-788A65B3BBC2}.Release|ARM64.Deploy.0 = Release|ARM64
		{32EB9C0F-0D9B-455E-9375-788A65B3BBC2}.Release|x64.ActiveCfg = Release|x64
		{32EB9C0F-0D9B-455E-9375-788A65B3BBC2}.Release|x64.Build.0 = Release|x64
		{32EB9C0F-0D9B-455E-9375-788A65B3BBC2}.Release|x64.Deploy.0 = Release|x64
		{32EB9C0F-0D9B-455E-9375-788A65B3BBC2}.Release|x86.ActiveCfg = Release|x86
		{32EB9C0F-0D9B-455E-9375-788A65B3BBC2}.Release|x86.Build.0 = Release|x86
		{32EB9C0F-0D9B-455E-9375-788A65B3BBC2}.Release|x86.Deploy.0 = Release|x86
	EndGlobalSection
	GlobalSection(SolutionProperties) = preSolution
		HideSolutionNode = FALSE
	EndGlobalSection
	GlobalSection(ExtensibilityGlobals) = postSolution
		SolutionGuid = {0F7166E2-2F57-43DE-815C-E63A9E5E8C38}
	EndGlobalSection
EndGlobal
